// !$*UTF8*$!
{
	archiveVersion = 1;
	classes = {
	};
	objectVersion = 46;
	objects = {

		148ADFE9270A4F481CA98C9C = {isa = PBXBuildFile; fileRef = 0F21531C461BEA703DDC928E; };
		22276A47743EC2DD4FB2C145 = {isa = PBXBuildFile; fileRef = B08D03E3BB2700BEE5E632D8; };
		00B1E7A6E58D8A192F13D166 = {isa = PBXBuildFile; fileRef = 8295F166C6BB73271981BCF4; };
		5BCCB00B28488F39B4B304B2 = {isa = PBXBuildFile; fileRef = A3CFCB3100E7547F464FE3D0; };
		306FEC2B985DC44721A92D6E = {isa = PBXBuildFile; fileRef = 1081CFF0E94B76BCF7C0DE50; };
		B47BD3F03490A8F00890C208 = {isa = PBXBuildFile; fileRef = D158F63C54EC7E91B0EA46E2; };
		3867C19368A5AACDFA524430 = {isa = PBXBuildFile; fileRef = 8071BEEA9B304BA4D315B21B; };
		1CCD7491912FEEEE1951DCEB = {isa = PBXBuildFile; fileRef = F28127F7537AA0F5A3AF2D07; };
		C442DD5703066F37C4FC7A6E = {isa = PBXBuildFile; fileRef = B9B39EFE7B7DAF267E4EB4FD; };
		2238428365923E80A20779AE = {isa = PBXBuildFile; fileRef = 2EBB87CA022E16FE6FDDA316; };
		9F7FCD229D55A754F9265FE9 = {isa = PBXBuildFile; fileRef = 0769329CCB6CC237B87CB9CC; };
		711DABE8EB563DA29BBA82AF = {isa = PBXBuildFile; fileRef = 96C982B86F2276287100E5DC; };
		87E1317F879D895EA05C5903 = {isa = PBXBuildFile; fileRef = CEDE7DB2AFEDFB7E0E31E8B3; };
		53A3CC5E211ACE70BCC45072 = {isa = PBXBuildFile; fileRef = 3E1F24199BF83C71661E4F92; };
		F9F1B2DE329155053E1659B2 = {isa = PBXBuildFile; fileRef = C7C7EB6989532F20C8472463; };
		8C188A1E3A8761FD0D3D4E80 = {isa = PBXBuildFile; fileRef = 811A9F250C7504EC1041FD73; };
		36BDB1C44CCC3AFEF1CB73BB = {isa = PBXBuildFile; fileRef = 7A4CADA86C3F92F0C2DD7BA8; };
		76E2E346C29483D48E7D6D72 = {isa = PBXBuildFile; fileRef = BDEEF53C8A9835FFF7F6510E; };
		5002BD73299F6E34D794B4E1 = {isa = PBXBuildFile; fileRef = 0F727241056983658432CF53; };
		43D4459ED9220EB55F2EC844 = {isa = PBXBuildFile; fileRef = A9217B4B5AB7F88880FCA515; };
		B735DD938262E466E2086EDF = {isa = PBXBuildFile; fileRef = ED7E0E5D3B75B38303C93DC7; };
		E60A89B3DB03EFA64580CF52 = {isa = PBXBuildFile; fileRef = 4633298A3FEA295F45C49048; };
		83AD09A97AABB1023F005296 = {isa = PBXBuildFile; fileRef = 078BC40C1BD1EB5527588987; };
		148DE0210DABC846F8340E44 = {isa = PBXBuildFile; fileRef = 82791AC36081EC90FDA00B1D; };
		D0A9518FE858E58DA0AFF061 = {isa = PBXBuildFile; fileRef = A1369DC0EA7E320B25CF13CB; };
		32B4F2073F619AFB49E2EC68 = {isa = PBXBuildFile; fileRef = 5B968DCE441C4FB1EA69F0CF; };
		AEE903BBECB66B5449E24057 = {isa = PBXBuildFile; fileRef = D98EAA6565DEFEBAA4E35CDA; };
		6F5E9097650F3FBE478B2800 = {isa = PBXBuildFile; fileRef = B87AC50C3729AF41E9AF6F58; };
		BB53F6990CFBEB44D1585AC8 = {isa = PBXBuildFile; fileRef = 281C71A4B1D7B2D2AB0B384E; };
		5A53030669227F9B71954C78 = {isa = PBXBuildFile; fileRef = 174BAD243EC69D9365049716; };
		19761894D32C483A84FD993E = {isa = PBXBuildFile; fileRef = 8EAA12826280EA1FE7CBE1A1; };
		BC5D25CBD460B025AEB58006 = {isa = PBXBuildFile; fileRef = 95AB83A91CA1A0623261F155; };
		770FBFD7BD3BE3993A5D1CD5 = {isa = PBXBuildFile; fileRef = CEC3446A6C3AC51984092C36; };
		7DAA1529500A59CC1753F703 = {isa = PBXBuildFile; fileRef = 1D3F1CFEE96F1928215D5053; };
		02CA92D70DD37A787C08FE16 = {isa = PBXBuildFile; fileRef = 908104C371CB0337FA6C1F77; };
		C1A9EC1D04B85A9AF2F0219B = {isa = PBXBuildFile; fileRef = E4DE0DD5C1953CE45F1C8A78; };
		C0259AC9C681AE89D24F312F = {isa = PBXBuildFile; fileRef = 646B2EAE964D0B4F9D4A6BDA; };
		6CEDEB91DABC5CB9136EF12E = {isa = PBXBuildFile; fileRef = F95FABDB9A766FF7703281BA; };
		BC8F3749BCACCDBF12FFB17C = {isa = PBXBuildFile; fileRef = 07381AFB9CF73027363BB218; };
		36885420C4EE66FC782B084E = {isa = PBXBuildFile; fileRef = 0B6E935386D0EC9C2EF6C537; };
		514BD152DBAEFB950FA9A87B = {isa = PBXBuildFile; fileRef = 0B76D8B5B30E7AFEEA5DE07A; };
		806410A288E44042736DDF5F = {isa = PBXBuildFile; fileRef = 0F47CF089DA99D292C2A7B32; };
		4AEA9C4B0F41FD2E8B13E4D4 = {isa = PBXBuildFile; fileRef = C323486785A4BE94CE44CF0B; };
		89A4508025B6ACAB9C3F71C3 = {isa = PBXBuildFile; fileRef = 6AC913E354063D61744D7516; };
		E7FB575BC99D5326513D2DBC = {isa = PBXBuildFile; fileRef = D8607324ECF4F10894A40A56; };
		07381AFB9CF73027363BB218 = {isa = PBXFileReference; lastKnownFileType = sourcecode.cpp.objcpp; name = "include_juce_dsp.mm"; path = "../../JuceLibraryCode/include_juce_dsp.mm"; sourceTree = "SOURCE_ROOT"; };
		0769329CCB6CC237B87CB9CC = {isa = PBXFileReference; lastKnownFileType = wrapper.framework; name = CoreAudio.framework; path = System/Library/Frameworks/CoreAudio.framework; sourceTree = SDKROOT; };
		078BC40C1BD1EB5527588987 = {isa = PBXFileReference; lastKnownFileType = sourcecode.cpp.cpp; name = Visualizers.cpp; path = ../../Source/Visualizers.cpp; sourceTree = "SOURCE_ROOT"; };
		0B6E935386D0EC9C2EF6C537 = {isa = PBXFileReference; lastKnownFileType = sourcecode.cpp.objcpp; name = "include_juce_events.mm"; path = "../../JuceLibraryCode/include_juce_events.mm"; sourceTree = "SOURCE_ROOT"; };
		0B76D8B5B30E7AFEEA5DE07A = {isa = PBXFileReference; lastKnownFileType = sourcecode.cpp.objcpp; name = "include_juce_graphics.mm"; path = "../../JuceLibraryCode/include_juce_graphics.mm"; sourceTree = "SOURCE_ROOT"; };
		0F21531C461BEA703DDC928E = {isa = PBXFileReference; explicitFileType = wrapper.cfbundle; includeInIndex = 0; path = ChannelStripAnalyser.vst; sourceTree = "BUILT_PRODUCTS_DIR"; };
		0F47CF089DA99D292C2A7B32 = {isa = PBXFileReference; lastKnownFileType = sourcecode.cpp.objcpp; name = "include_juce_gui_basics.mm"; path = "../../JuceLibraryCode/include_juce_gui_basics.mm"; sourceTree = "SOURCE_ROOT"; };
		0F727241056983658432CF53 = {isa = PBXFileReference; lastKnownFileType = wrapper.framework; name = WebKit.framework; path = System/Library/Frameworks/WebKit.framework; sourceTree = SDKROOT; };
		1081CFF0E94B76BCF7C0DE50 = {isa = PBXFileReference; lastKnownFileType = wrapper.framework; name = AudioToolbox.framework; path = System/Library/Frameworks/AudioToolbox.framework; sourceTree = SDKROOT; };
		12D0B63CE9BCC1C183D8412C = {isa = PBXFileReference; lastKnownFileType = sourcecode.c.h; name = PluginEditor.h; path = ../../Source/PluginEditor.h; sourceTree = "SOURCE_ROOT"; };
		1528EFCCC9B5EDFEFBC0504C = {isa = PBXFileReference; lastKnownFileType = file; name = "juce_video"; path = "../../../../modules/juce_video"; sourceTree = "SOURCE_ROOT"; };
		174BAD243EC69D9365049716 = {isa = PBXFileReference; lastKnownFileType = sourcecode.cpp.objcpp; name = "include_juce_audio_plugin_client_AU_2.mm"; path = "../../JuceLibraryCode/include_juce_audio_plugin_client_AU_2.mm"; sourceTree = "SOURCE_ROOT"; };
		186E57C8F5DC5B79FABD221D = {isa = PBXFileReference; lastKnownFileType = file; name = "juce_core"; path = "../../../../modules/juce_core"; sourceTree = "SOURCE_ROOT"; };
		1D3F1CFEE96F1928215D5053 = {isa = PBXFileReference; lastKnownFileType = sourcecode.cpp.objcpp; name = "include_juce_audio_processors.mm"; path = "../../JuceLibraryCode/include_juce_audio_processors.mm"; sourceTree = "SOURCE_ROOT"; };
		281C71A4B1D7B2D2AB0B384E = {isa = PBXFileReference; lastKnownFileType = sourcecode.cpp.objcpp; name = "include_juce_audio_plugin_client_AU_1.mm"; path = "../../JuceLibraryCode/include_juce_audio_plugin_client_AU_1.mm"; sourceTree = "SOURCE_ROOT"; };
		2EBB87CA022E16FE6FDDA316 = {isa = PBXFileReference; lastKnownFileType = wrapper.framework; name = Cocoa.framework; path = System/Library/Frameworks/Cocoa.framework; sourceTree = SDKROOT; };
		385359E54F85B6AC7256FB25 = {isa = PBXFileReference; lastKnownFileType = sourcecode.c.h; name = PluginProcessor.h; path = ../../Source/PluginProcessor.h; sourceTree = "SOURCE_ROOT"; };
		3E1F24199BF83C71661E4F92 = {isa = PBXFileReference; lastKnownFileType = wrapper.framework; name = CoreMIDI.framework; path = System/Library/Frameworks/CoreMIDI.framework; sourceTree = SDKROOT; };
		4633298A3FEA295F45C49048 = {isa = PBXFileReference; lastKnownFileType = sourcecode.cpp.cpp; name = PluginEditor.cpp; path = ../../Source/PluginEditor.cpp; sourceTree = "SOURCE_ROOT"; };
		59D4CA9592A8B8AA03FEA796 = {isa = PBXFileReference; lastKnownFileType = file; name = "juce_audio_plugin_client"; path = "../../../../modules/juce_audio_plugin_client"; sourceTree = "SOURCE_ROOT"; };
		5B968DCE441C4FB1EA69F0CF = {isa = PBXFileReference; lastKnownFileType = sourcecode.cpp.objcpp; name = "include_juce_audio_devices.mm"; path = "../../JuceLibraryCode/include_juce_audio_devices.mm"; sourceTree = "SOURCE_ROOT"; };
		61EFDED4BAF76B3E8337508E = {isa = PBXFileReference; lastKnownFileType = sourcecode.c.h; name = Engine.h; path = ../../Source/Engine.h; sourceTree = "SOURCE_ROOT"; };
		646B2EAE964D0B4F9D4A6BDA = {isa = PBXFileReference; lastKnownFileType = sourcecode.cpp.objcpp; name = "include_juce_cryptography.mm"; path = "../../JuceLibraryCode/include_juce_cryptography.mm"; sourceTree = "SOURCE_ROOT"; };
		6701D5A11D57D4EE777BDC9F = {isa = PBXFileReference; lastKnownFileType = file; name = "juce_cryptography"; path = "../../../../modules/juce_cryptography"; sourceTree = "SOURCE_ROOT"; };
		6AC913E354063D61744D7516 = {isa = PBXFileReference; lastKnownFileType = sourcecode.cpp.objcpp; name = "include_juce_opengl.mm"; path = "../../JuceLibraryCode/include_juce_opengl.mm"; sourceTree = "SOURCE_ROOT"; };
		7A4CADA86C3F92F0C2DD7BA8 = {isa = PBXFileReference; lastKnownFileType = wrapper.framework; name = OpenGL.framework; path = System/Library/Frameworks/OpenGL.framework; sourceTree = SDKROOT; };
		7E231F6F490599669E8EC66A = {isa = PBXFileReference; lastKnownFileType = file; name = "juce_audio_formats"; path = "../../../../modules/juce_audio_formats"; sourceTree = "SOURCE_ROOT"; };
		8041B3F3652413BC28562FFF = {isa = PBXFileReference; lastKnownFileType = file; name = "juce_graphics"; path = "../../../../modules/juce_graphics"; sourceTree = "SOURCE_ROOT"; };
		8071BEEA9B304BA4D315B21B = {isa = PBXFileReference; lastKnownFileType = wrapper.framework; name = AVFoundation.framework; path = System/Library/Frameworks/AVFoundation.framework; sourceTree = SDKROOT; };
		811A9F250C7504EC1041FD73 = {isa = PBXFileReference; lastKnownFileType = wrapper.framework; name = IOKit.framework; path = System/Library/Frameworks/IOKit.framework; sourceTree = SDKROOT; };
		826F3DD0FF443D5B08184205 = {isa = PBXFileReference; lastKnownFileType = file; name = "juce_events"; path = "../../../../modules/juce_events"; sourceTree = "SOURCE_ROOT"; };
		82791AC36081EC90FDA00B1D = {isa = PBXFileReference; lastKnownFileType = sourcecode.cpp.cpp; name = SimplePluginWindow.cpp; path = ../../Source/SimplePluginWindow.cpp; sourceTree = "SOURCE_ROOT"; };
		8B51AF2A2873B376BF69D127 = {isa = PBXFileReference; lastKnownFileType = file; name = "juce_opengl"; path = "../../../../modules/juce_opengl"; sourceTree = "SOURCE_ROOT"; };
		8EAA12826280EA1FE7CBE1A1 = {isa = PBXFileReference; lastKnownFileType = sourcecode.cpp.cpp; name = "include_juce_audio_plugin_client_utils.cpp"; path = "../../JuceLibraryCode/include_juce_audio_plugin_client_utils.cpp"; sourceTree = "SOURCE_ROOT"; };
		908104C371CB0337FA6C1F77 = {isa = PBXFileReference; lastKnownFileType = sourcecode.cpp.objcpp; name = "include_juce_audio_utils.mm"; path = "../../JuceLibraryCode/include_juce_audio_utils.mm"; sourceTree = "SOURCE_ROOT"; };
		921AFD382AC61E60A3659700 = {isa = PBXFileReference; lastKnownFileType = text.plist.xml; name = "Info-VST.plist"; path = "Info-VST.plist"; sourceTree = "SOURCE_ROOT"; };
		95AB83A91CA1A0623261F155 = {isa = PBXFileReference; lastKnownFileType = sourcecode.cpp.objcpp; name = "include_juce_audio_plugin_client_VST_utils.mm"; path = "../../JuceLibraryCode/include_juce_audio_plugin_client_VST_utils.mm"; sourceTree = "SOURCE_ROOT"; };
		96C982B86F2276287100E5DC = {isa = PBXFileReference; lastKnownFileType = wrapper.framework; name = CoreAudioKit.framework; path = System/Library/Frameworks/CoreAudioKit.framework; sourceTree = SDKROOT; };
		9B3746CD7EC8989718783100 = {isa = PBXFileReference; lastKnownFileType = text.plist.xml; name = ChannelStripAnalyser.entitlements; path = ChannelStripAnalyser.entitlements; sourceTree = "SOURCE_ROOT"; };
		A086146822A88EC63A1C26C8 = {isa = PBXFileReference; lastKnownFileType = file; name = "juce_audio_basics"; path = "../../../../modules/juce_audio_basics"; sourceTree = "SOURCE_ROOT"; };
		A1369DC0EA7E320B25CF13CB = {isa = PBXFileReference; lastKnownFileType = sourcecode.cpp.objcpp; name = "include_juce_audio_basics.mm"; path = "../../JuceLibraryCode/include_juce_audio_basics.mm"; sourceTree = "SOURCE_ROOT"; };
		A3CFCB3100E7547F464FE3D0 = {isa = PBXFileReference; lastKnownFileType = wrapper.framework; name = Accelerate.framework; path = System/Library/Frameworks/Accelerate.framework; sourceTree = SDKROOT; };
		A6F25A735B55706A3D965AF2 = {isa = PBXFileReference; lastKnownFileType = sourcecode.c.h; name = Visualizers.h; path = ../../Source/Visualizers.h; sourceTree = "SOURCE_ROOT"; };
		A9217B4B5AB7F88880FCA515 = {isa = PBXFileReference; lastKnownFileType = file.nib; name = RecentFilesMenuTemplate.nib; path = RecentFilesMenuTemplate.nib; sourceTree = "SOURCE_ROOT"; };
		B08D03E3BB2700BEE5E632D8 = {isa = PBXFileReference; explicitFileType = wrapper.cfbundle; includeInIndex = 0; path = ChannelStripAnalyser.component; sourceTree = "BUILT_PRODUCTS_DIR"; };
		8295F166C6BB73271981BCF4 = {isa = PBXFileReference; explicitFileType = archive.ar; includeInIndex = 0; path = libChannelStripAnalyser.a; sourceTree = "BUILT_PRODUCTS_DIR"; };
		B87AC50C3729AF41E9AF6F58 = {isa = PBXFileReference; lastKnownFileType = file.r; name = "include_juce_audio_plugin_client_AU.r"; path = "../../JuceLibraryCode/include_juce_audio_plugin_client_AU.r"; sourceTree = "SOURCE_ROOT"; };
		B9B39EFE7B7DAF267E4EB4FD = {isa = PBXFileReference; lastKnownFileType = wrapper.framework; name = Carbon.framework; path = System/Library/Frameworks/Carbon.framework; sourceTree = SDKROOT; };
		BDEEF53C8A9835FFF7F6510E = {isa = PBXFileReference; lastKnownFileType = wrapper.framework; name = QuartzCore.framework; path = System/Library/Frameworks/QuartzCore.framework; sourceTree = SDKROOT; };
		BDFBC922B84E29CAF5ED1674 = {isa = PBXFileReference; lastKnownFileType = text.plist.xml; name = "Info-AU.plist"; path = "Info-AU.plist"; sourceTree = "SOURCE_ROOT"; };
		C1440F40B7533EEF40B26850 = {isa = PBXFileReference; lastKnownFileType = sourcecode.c.h; name = AppConfig.h; path = ../../JuceLibraryCode/AppConfig.h; sourceTree = "SOURCE_ROOT"; };
		C323486785A4BE94CE44CF0B = {isa = PBXFileReference; lastKnownFileType = sourcecode.cpp.objcpp; name = "include_juce_gui_extra.mm"; path = "../../JuceLibraryCode/include_juce_gui_extra.mm"; sourceTree = "SOURCE_ROOT"; };
		C5268E4F45EAEF70FA9C3D13 = {isa = PBXFileReference; lastKnownFileType = file; name = "juce_audio_devices"; path = "../../../../modules/juce_audio_devices"; sourceTree = "SOURCE_ROOT"; };
		C7C7EB6989532F20C8472463 = {isa = PBXFileReference; lastKnownFileType = wrapper.framework; name = DiscRecording.framework; path = System/Library/Frameworks/DiscRecording.framework; sourceTree = SDKROOT; };
		CEC3446A6C3AC51984092C36 = {isa = PBXFileReference; lastKnownFileType = sourcecode.cpp.cpp; name = "include_juce_audio_plugin_client_VST2.cpp"; path = "../../JuceLibraryCode/include_juce_audio_plugin_client_VST2.cpp"; sourceTree = "SOURCE_ROOT"; };
		CEDE7DB2AFEDFB7E0E31E8B3 = {isa = PBXFileReference; lastKnownFileType = wrapper.framework; name = CoreMedia.framework; path = System/Library/Frameworks/CoreMedia.framework; sourceTree = SDKROOT; };
		D158F63C54EC7E91B0EA46E2 = {isa = PBXFileReference; lastKnownFileType = wrapper.framework; name = AudioUnit.framework; path = System/Library/Frameworks/AudioUnit.framework; sourceTree = SDKROOT; };
		D84AD2008B098C6228B55D10 = {isa = PBXFileReference; lastKnownFileType = file; name = "juce_data_structures"; path = "../../../../modules/juce_data_structures"; sourceTree = "SOURCE_ROOT"; };
		D8607324ECF4F10894A40A56 = {isa = PBXFileReference; lastKnownFileType = sourcecode.cpp.objcpp; name = "include_juce_video.mm"; path = "../../JuceLibraryCode/include_juce_video.mm"; sourceTree = "SOURCE_ROOT"; };
		D8FA69FAB184FEE01B494A6E = {isa = PBXFileReference; lastKnownFileType = sourcecode.c.h; name = SimplePluginWindow.h; path = ../../Source/SimplePluginWindow.h; sourceTree = "SOURCE_ROOT"; };
		D98EAA6565DEFEBAA4E35CDA = {isa = PBXFileReference; lastKnownFileType = sourcecode.cpp.objcpp; name = "include_juce_audio_formats.mm"; path = "../../JuceLibraryCode/include_juce_audio_formats.mm"; sourceTree = "SOURCE_ROOT"; };
		D9C686B3FA845EC7DAEF48AC = {isa = PBXFileReference; lastKnownFileType = file; name = "juce_gui_basics"; path = "../../../../modules/juce_gui_basics"; sourceTree = "SOURCE_ROOT"; };
		DDD819FF538F926DD9F32566 = {isa = PBXFileReference; lastKnownFileType = file; name = "juce_audio_utils"; path = "../../../../modules/juce_audio_utils"; sourceTree = "SOURCE_ROOT"; };
		E4DE0DD5C1953CE45F1C8A78 = {isa = PBXFileReference; lastKnownFileType = sourcecode.cpp.objcpp; name = "include_juce_core.mm"; path = "../../JuceLibraryCode/include_juce_core.mm"; sourceTree = "SOURCE_ROOT"; };
		ED7E0E5D3B75B38303C93DC7 = {isa = PBXFileReference; lastKnownFileType = sourcecode.cpp.cpp; name = PluginProcessor.cpp; path = ../../Source/PluginProcessor.cpp; sourceTree = "SOURCE_ROOT"; };
		F28127F7537AA0F5A3AF2D07 = {isa = PBXFileReference; lastKnownFileType = wrapper.framework; name = AVKit.framework; path = System/Library/Frameworks/AVKit.framework; sourceTree = SDKROOT; };
		F6C682CBD7ACFA17E0D7B533 = {isa = PBXFileReference; lastKnownFileType = sourcecode.c.h; name = JuceHeader.h; path = ../../JuceLibraryCode/JuceHeader.h; sourceTree = "SOURCE_ROOT"; };
		F74431CF7748F63C7EC1E889 = {isa = PBXFileReference; lastKnownFileType = file; name = "juce_gui_extra"; path = "../../../../modules/juce_gui_extra"; sourceTree = "SOURCE_ROOT"; };
		F95FABDB9A766FF7703281BA = {isa = PBXFileReference; lastKnownFileType = sourcecode.cpp.objcpp; name = "include_juce_data_structures.mm"; path = "../../JuceLibraryCode/include_juce_data_structures.mm"; sourceTree = "SOURCE_ROOT"; };
		FA2793EE424410B85F228CA5 = {isa = PBXFileReference; lastKnownFileType = file; name = "juce_dsp"; path = "../../../../modules/juce_dsp"; sourceTree = "SOURCE_ROOT"; };
		1372CAD9ED623DC959C6C8A8 = {isa = PBXGroup; children = (
					ED7E0E5D3B75B38303C93DC7,
					385359E54F85B6AC7256FB25,
					4633298A3FEA295F45C49048,
					12D0B63CE9BCC1C183D8412C,
					078BC40C1BD1EB5527588987,
					A6F25A735B55706A3D965AF2,
					61EFDED4BAF76B3E8337508E,
					82791AC36081EC90FDA00B1D,
					D8FA69FAB184FEE01B494A6E, ); name = Source; sourceTree = "<group>"; };
		F856273CA63A648A17EE887B = {isa = PBXGroup; children = (
					1372CAD9ED623DC959C6C8A8, ); name = ChannelStripAnalyser; sourceTree = "<group>"; };
		9E45EE24747AB81EB819784C = {isa = PBXGroup; children = (
					A086146822A88EC63A1C26C8,
					C5268E4F45EAEF70FA9C3D13,
					7E231F6F490599669E8EC66A,
					59D4CA9592A8B8AA03FEA796,
					DDD819FF538F926DD9F32566,
					186E57C8F5DC5B79FABD221D,
					6701D5A11D57D4EE777BDC9F,
					D84AD2008B098C6228B55D10,
					FA2793EE424410B85F228CA5,
					826F3DD0FF443D5B08184205,
					8041B3F3652413BC28562FFF,
					D9C686B3FA845EC7DAEF48AC,
					F74431CF7748F63C7EC1E889,
					8B51AF2A2873B376BF69D127,
					1528EFCCC9B5EDFEFBC0504C, ); name = "JUCE Modules"; sourceTree = "<group>"; };
		2C5FD43260374434811E486C = {isa = PBXGroup; children = (
					C1440F40B7533EEF40B26850,
					A1369DC0EA7E320B25CF13CB,
					5B968DCE441C4FB1EA69F0CF,
					D98EAA6565DEFEBAA4E35CDA,
					B87AC50C3729AF41E9AF6F58,
					281C71A4B1D7B2D2AB0B384E,
					174BAD243EC69D9365049716,
					8EAA12826280EA1FE7CBE1A1,
					95AB83A91CA1A0623261F155,
					CEC3446A6C3AC51984092C36,
					1D3F1CFEE96F1928215D5053,
					908104C371CB0337FA6C1F77,
					E4DE0DD5C1953CE45F1C8A78,
					646B2EAE964D0B4F9D4A6BDA,
					F95FABDB9A766FF7703281BA,
					07381AFB9CF73027363BB218,
					0B6E935386D0EC9C2EF6C537,
					0B76D8B5B30E7AFEEA5DE07A,
					0F47CF089DA99D292C2A7B32,
					C323486785A4BE94CE44CF0B,
					6AC913E354063D61744D7516,
					D8607324ECF4F10894A40A56,
					F6C682CBD7ACFA17E0D7B533, ); name = "JUCE Library Code"; sourceTree = "<group>"; };
		1569BC38564569C2B083A974 = {isa = PBXGroup; children = (
					921AFD382AC61E60A3659700,
					BDFBC922B84E29CAF5ED1674,
					A9217B4B5AB7F88880FCA515, ); name = Resources; sourceTree = "<group>"; };
		F2B82F1002666AC2DD03305A = {isa = PBXGroup; children = (
					A3CFCB3100E7547F464FE3D0,
					1081CFF0E94B76BCF7C0DE50,
					D158F63C54EC7E91B0EA46E2,
					8071BEEA9B304BA4D315B21B,
					F28127F7537AA0F5A3AF2D07,
					B9B39EFE7B7DAF267E4EB4FD,
					2EBB87CA022E16FE6FDDA316,
					0769329CCB6CC237B87CB9CC,
					96C982B86F2276287100E5DC,
					CEDE7DB2AFEDFB7E0E31E8B3,
					3E1F24199BF83C71661E4F92,
					C7C7EB6989532F20C8472463,
					811A9F250C7504EC1041FD73,
					7A4CADA86C3F92F0C2DD7BA8,
					BDEEF53C8A9835FFF7F6510E,
					0F727241056983658432CF53, ); name = Frameworks; sourceTree = "<group>"; };
		AC146EEDE4515B0447735BB1 = {isa = PBXGroup; children = (
					0F21531C461BEA703DDC928E,
					B08D03E3BB2700BEE5E632D8,
					8295F166C6BB73271981BCF4, ); name = Products; sourceTree = "<group>"; };
		BE9E40C523E2DBD64077F822 = {isa = PBXGroup; children = (
					9B3746CD7EC8989718783100,
					F856273CA63A648A17EE887B,
					9E45EE24747AB81EB819784C,
					2C5FD43260374434811E486C,
					1569BC38564569C2B083A974,
					F2B82F1002666AC2DD03305A,
					AC146EEDE4515B0447735BB1, ); name = Source; sourceTree = "<group>"; };
		CE88DAF6B5BBD6355C140838 = {isa = XCBuildConfiguration; buildSettings = {
				MACOSX_DEPLOYMENT_TARGET = 10.11; }; name = Debug; };
		BC34C53EAE4A3C3877E08145 = {isa = XCBuildConfiguration; buildSettings = {
				MACOSX_DEPLOYMENT_TARGET = 10.11; }; name = Release; };
		B0F3A811A3C930988A293B45 = {isa = XCBuildConfiguration; buildSettings = {
				CLANG_CXX_LANGUAGE_STANDARD = "c++14";
				CLANG_LINK_OBJC_RUNTIME = NO;
				COMBINE_HIDPI_IMAGES = YES;
				CONFIGURATION_BUILD_DIR = "$(PROJECT_DIR)/build/$(CONFIGURATION)";
				COPY_PHASE_STRIP = NO;
				DEPLOYMENT_LOCATION = YES;
				DSTROOT = /;
				GCC_DYNAMIC_NO_PIC = NO;
				GCC_OPTIMIZATION_LEVEL = 0;
				GCC_PREPROCESSOR_DEFINITIONS = (
					"_DEBUG=1",
					"DEBUG=1",
					"JUCER_XCODE_MAC_F6D2F4CF=1",
					"JUCE_APP_VERSION=1.0.0",
					"JUCE_APP_VERSION_HEX=0x10000",
					"JucePlugin_Build_VST=1",
					"JucePlugin_Build_VST3=0",
					"JucePlugin_Build_AU=0",
					"JucePlugin_Build_AUv3=0",
					"JucePlugin_Build_RTAS=0",
					"JucePlugin_Build_AAX=0",
					"JucePlugin_Build_Standalone=0", );
				GCC_VERSION = com.apple.compilers.llvm.clang.1_0;
				GENERATE_PKGINFO_FILE = YES;
				HEADER_SEARCH_PATHS = ("../../JuceLibraryCode", "../../../../modules", "..\..\Source", "../../../../modules/juce_audio_plugin_client", "$(inherited)");
				INFOPLIST_FILE = Info-VST.plist;
				INFOPLIST_PREPROCESS = NO;
				INSTALL_PATH = "$(HOME)/Library/Audio/Plug-Ins/VST/";
				LIBRARY_STYLE = Bundle;
				MACOSX_DEPLOYMENT_TARGET = 10.11;
				MACOSX_DEPLOYMENT_TARGET_ppc = 10.4;
				OTHER_LDFLAGS = "-bundle -lChannelStripAnalyser";
				PRODUCT_BUNDLE_IDENTIFIER = com.yourcompany.ChannelStripAnalyser;
				SDKROOT_ppc = macosx10.5;
				USE_HEADERMAP = NO;
				WRAPPER_EXTENSION = vst; }; name = Debug; };
		2478F2E257B18F9A515397CB = {isa = XCBuildConfiguration; buildSettings = {
				CLANG_CXX_LANGUAGE_STANDARD = "c++14";
				CLANG_LINK_OBJC_RUNTIME = NO;
				COMBINE_HIDPI_IMAGES = YES;
				CONFIGURATION_BUILD_DIR = "$(PROJECT_DIR)/build/$(CONFIGURATION)";
				DEAD_CODE_STRIPPING = YES;
				DEPLOYMENT_LOCATION = YES;
				DSTROOT = /;
				GCC_GENERATE_DEBUGGING_SYMBOLS = NO;
				GCC_OPTIMIZATION_LEVEL = 3;
				GCC_PREPROCESSOR_DEFINITIONS = (
					"_NDEBUG=1",
					"NDEBUG=1",
					"JUCER_XCODE_MAC_F6D2F4CF=1",
					"JUCE_APP_VERSION=1.0.0",
					"JUCE_APP_VERSION_HEX=0x10000",
					"JucePlugin_Build_VST=1",
					"JucePlugin_Build_VST3=0",
					"JucePlugin_Build_AU=0",
					"JucePlugin_Build_AUv3=0",
					"JucePlugin_Build_RTAS=0",
					"JucePlugin_Build_AAX=0",
					"JucePlugin_Build_Standalone=0", );
				GCC_SYMBOLS_PRIVATE_EXTERN = YES;
				GCC_VERSION = com.apple.compilers.llvm.clang.1_0;
				GENERATE_PKGINFO_FILE = YES;
				HEADER_SEARCH_PATHS = ("../../JuceLibraryCode", "../../../../modules", "..\..\Source", "../../../../modules/juce_audio_plugin_client", "$(inherited)");
				INFOPLIST_FILE = Info-VST.plist;
				INFOPLIST_PREPROCESS = NO;
				INSTALL_PATH = "$(HOME)/Library/Audio/Plug-Ins/VST/";
				LIBRARY_STYLE = Bundle;
				LLVM_LTO = YES;
				MACOSX_DEPLOYMENT_TARGET = 10.11;
				MACOSX_DEPLOYMENT_TARGET_ppc = 10.4;
				OTHER_LDFLAGS = "-bundle -lChannelStripAnalyser";
				PRODUCT_BUNDLE_IDENTIFIER = com.yourcompany.ChannelStripAnalyser;
				SDKROOT_ppc = macosx10.5;
				USE_HEADERMAP = NO;
				WRAPPER_EXTENSION = vst; }; name = Release; };
		3629C7E3654B86D34CFE13C9 = {isa = XCBuildConfiguration; buildSettings = {
				CLANG_CXX_LANGUAGE_STANDARD = "c++14";
				CLANG_LINK_OBJC_RUNTIME = NO;
				COMBINE_HIDPI_IMAGES = YES;
				CONFIGURATION_BUILD_DIR = "$(PROJECT_DIR)/build/$(CONFIGURATION)";
				COPY_PHASE_STRIP = NO;
				DEPLOYMENT_LOCATION = YES;
				DSTROOT = /;
				GCC_DYNAMIC_NO_PIC = NO;
				GCC_OPTIMIZATION_LEVEL = 0;
				GCC_PREPROCESSOR_DEFINITIONS = (
					"_DEBUG=1",
					"DEBUG=1",
					"JUCER_XCODE_MAC_F6D2F4CF=1",
					"JUCE_APP_VERSION=1.0.0",
					"JUCE_APP_VERSION_HEX=0x10000",
					"JucePlugin_Build_VST=0",
					"JucePlugin_Build_VST3=0",
					"JucePlugin_Build_AU=1",
					"JucePlugin_Build_AUv3=0",
					"JucePlugin_Build_RTAS=0",
					"JucePlugin_Build_AAX=0",
					"JucePlugin_Build_Standalone=0", );
				GCC_VERSION = com.apple.compilers.llvm.clang.1_0;
				GENERATE_PKGINFO_FILE = YES;
				HEADER_SEARCH_PATHS = ("../../JuceLibraryCode", "../../../../modules", "..\..\Source", "../../../../modules/juce_audio_plugin_client", "$(inherited)");
				INFOPLIST_FILE = Info-AU.plist;
				INFOPLIST_PREPROCESS = NO;
				INSTALL_PATH = "$(HOME)/Library/Audio/Plug-Ins/Components/";
				LIBRARY_STYLE = Bundle;
				MACOSX_DEPLOYMENT_TARGET = 10.11;
				MACOSX_DEPLOYMENT_TARGET_ppc = 10.4;
				OTHER_LDFLAGS = "-bundle -lChannelStripAnalyser";
				OTHER_REZFLAGS = "-d ppc_$ppc -d i386_$i386 -d ppc64_$ppc64 -d x86_64_$x86_64 -I /System/Library/Frameworks/CoreServices.framework/Frameworks/CarbonCore.framework/Versions/A/Headers -I \"$(DEVELOPER_DIR)/Extras/CoreAudio/AudioUnits/AUPublic/AUBase\"";
				PRODUCT_BUNDLE_IDENTIFIER = com.yourcompany.ChannelStripAnalyser;
				SDKROOT_ppc = macosx10.5;
				USE_HEADERMAP = NO;
				WRAPPER_EXTENSION = component; }; name = Debug; };
		E29F42A23E7B7B2C47396B0C = {isa = XCBuildConfiguration; buildSettings = {
				CLANG_CXX_LANGUAGE_STANDARD = "c++14";
				CLANG_LINK_OBJC_RUNTIME = NO;
				COMBINE_HIDPI_IMAGES = YES;
				CONFIGURATION_BUILD_DIR = "$(PROJECT_DIR)/build/$(CONFIGURATION)";
				DEAD_CODE_STRIPPING = YES;
				DEPLOYMENT_LOCATION = YES;
				DSTROOT = /;
				GCC_GENERATE_DEBUGGING_SYMBOLS = NO;
				GCC_OPTIMIZATION_LEVEL = 3;
				GCC_PREPROCESSOR_DEFINITIONS = (
					"_NDEBUG=1",
					"NDEBUG=1",
					"JUCER_XCODE_MAC_F6D2F4CF=1",
					"JUCE_APP_VERSION=1.0.0",
					"JUCE_APP_VERSION_HEX=0x10000",
					"JucePlugin_Build_VST=0",
					"JucePlugin_Build_VST3=0",
					"JucePlugin_Build_AU=1",
					"JucePlugin_Build_AUv3=0",
					"JucePlugin_Build_RTAS=0",
					"JucePlugin_Build_AAX=0",
					"JucePlugin_Build_Standalone=0", );
				GCC_SYMBOLS_PRIVATE_EXTERN = YES;
				GCC_VERSION = com.apple.compilers.llvm.clang.1_0;
				GENERATE_PKGINFO_FILE = YES;
				HEADER_SEARCH_PATHS = ("../../JuceLibraryCode", "../../../../modules", "..\..\Source", "../../../../modules/juce_audio_plugin_client", "$(inherited)");
				INFOPLIST_FILE = Info-AU.plist;
				INFOPLIST_PREPROCESS = NO;
				INSTALL_PATH = "$(HOME)/Library/Audio/Plug-Ins/Components/";
				LIBRARY_STYLE = Bundle;
				LLVM_LTO = YES;
				MACOSX_DEPLOYMENT_TARGET = 10.11;
				MACOSX_DEPLOYMENT_TARGET_ppc = 10.4;
				OTHER_LDFLAGS = "-bundle -lChannelStripAnalyser";
				OTHER_REZFLAGS = "-d ppc_$ppc -d i386_$i386 -d ppc64_$ppc64 -d x86_64_$x86_64 -I /System/Library/Frameworks/CoreServices.framework/Frameworks/CarbonCore.framework/Versions/A/Headers -I \"$(DEVELOPER_DIR)/Extras/CoreAudio/AudioUnits/AUPublic/AUBase\"";
				PRODUCT_BUNDLE_IDENTIFIER = com.yourcompany.ChannelStripAnalyser;
				SDKROOT_ppc = macosx10.5;
				USE_HEADERMAP = NO;
				WRAPPER_EXTENSION = component; }; name = Release; };
		0C8D8245C1033E1122D50A7F = {isa = XCBuildConfiguration; buildSettings = {
				CLANG_CXX_LANGUAGE_STANDARD = "c++14";
				CLANG_LINK_OBJC_RUNTIME = NO;
				COMBINE_HIDPI_IMAGES = YES;
				CONFIGURATION_BUILD_DIR = "$(PROJECT_DIR)/build/$(CONFIGURATION)";
				COPY_PHASE_STRIP = NO;
				GCC_DYNAMIC_NO_PIC = NO;
				GCC_OPTIMIZATION_LEVEL = 0;
				GCC_PREPROCESSOR_DEFINITIONS = (
					"_DEBUG=1",
					"DEBUG=1",
					"JUCER_XCODE_MAC_F6D2F4CF=1",
					"JUCE_APP_VERSION=1.0.0",
					"JUCE_APP_VERSION_HEX=0x10000",
					"JucePlugin_Build_VST=1",
					"JucePlugin_Build_VST3=0",
					"JucePlugin_Build_AU=1",
					"JucePlugin_Build_AUv3=0",
					"JucePlugin_Build_RTAS=0",
					"JucePlugin_Build_AAX=0",
					"JucePlugin_Build_Standalone=0",
					"JUCE_SHARED_CODE=1", );
				GCC_VERSION = com.apple.compilers.llvm.clang.1_0;
				HEADER_SEARCH_PATHS = ("../../JuceLibraryCode", "../../../../modules", "..\..\Source", "../../../../modules/juce_audio_plugin_client", "$(inherited)");
				INSTALL_PATH = "@executable_path/../Frameworks";
				MACOSX_DEPLOYMENT_TARGET = 10.11;
				MACOSX_DEPLOYMENT_TARGET_ppc = 10.4;
				PRODUCT_BUNDLE_IDENTIFIER = com.yourcompany.ChannelStripAnalyser;
				SDKROOT_ppc = macosx10.5;
				USE_HEADERMAP = NO; }; name = Debug; };
		7FEBC014913C21E092FA734D = {isa = XCBuildConfiguration; buildSettings = {
				CLANG_CXX_LANGUAGE_STANDARD = "c++14";
				CLANG_LINK_OBJC_RUNTIME = NO;
				COMBINE_HIDPI_IMAGES = YES;
				CONFIGURATION_BUILD_DIR = "$(PROJECT_DIR)/build/$(CONFIGURATION)";
				DEAD_CODE_STRIPPING = YES;
				GCC_GENERATE_DEBUGGING_SYMBOLS = NO;
				GCC_OPTIMIZATION_LEVEL = 3;
				GCC_PREPROCESSOR_DEFINITIONS = (
					"_NDEBUG=1",
					"NDEBUG=1",
					"JUCER_XCODE_MAC_F6D2F4CF=1",
					"JUCE_APP_VERSION=1.0.0",
					"JUCE_APP_VERSION_HEX=0x10000",
					"JucePlugin_Build_VST=1",
					"JucePlugin_Build_VST3=0",
					"JucePlugin_Build_AU=1",
					"JucePlugin_Build_AUv3=0",
					"JucePlugin_Build_RTAS=0",
					"JucePlugin_Build_AAX=0",
					"JucePlugin_Build_Standalone=0",
					"JUCE_SHARED_CODE=1", );
				GCC_SYMBOLS_PRIVATE_EXTERN = YES;
				GCC_VERSION = com.apple.compilers.llvm.clang.1_0;
				HEADER_SEARCH_PATHS = ("../../JuceLibraryCode", "../../../../modules", "..\..\Source", "../../../../modules/juce_audio_plugin_client", "$(inherited)");
				INSTALL_PATH = "@executable_path/../Frameworks";
				LLVM_LTO = YES;
				MACOSX_DEPLOYMENT_TARGET = 10.11;
				MACOSX_DEPLOYMENT_TARGET_ppc = 10.4;
				PRODUCT_BUNDLE_IDENTIFIER = com.yourcompany.ChannelStripAnalyser;
				SDKROOT_ppc = macosx10.5;
				USE_HEADERMAP = NO; }; name = Release; };
		61375EF8EDAD06F5095EB0FB = {isa = XCBuildConfiguration; buildSettings = {
				ALWAYS_SEARCH_USER_PATHS = NO;
				CLANG_WARN_BLOCK_CAPTURE_AUTORELEASING = YES;
				CLANG_WARN_BOOL_CONVERSION = YES;
				CLANG_WARN_COMMA = YES;
				CLANG_WARN_CONSTANT_CONVERSION = YES;
				CLANG_WARN_EMPTY_BODY = YES;
				CLANG_WARN_ENUM_CONVERSION = YES;
				CLANG_WARN_INFINITE_RECURSION = YES;
				CLANG_WARN_INT_CONVERSION = YES;
				CLANG_WARN_NON_LITERAL_NULL_CONVERSION = YES;
				CLANG_WARN_OBJC_LITERAL_CONVERSION = YES;
				CLANG_WARN_RANGE_LOOP_ANALYSIS = YES;
				CLANG_WARN_STRICT_PROTOTYPES = YES;
				CLANG_WARN_SUSPICIOUS_MOVE = YES;
				CLANG_WARN_UNREACHABLE_CODE = YES;
				CLANG_WARN__DUPLICATE_METHOD_MATCH = YES;
				DEBUG_INFORMATION_FORMAT = "dwarf";
				ENABLE_STRICT_OBJC_MSGSEND = YES;
				ENABLE_TESTABILITY = YES;
				GCC_C_LANGUAGE_STANDARD = c11;
				GCC_INLINES_ARE_PRIVATE_EXTERN = YES;
				GCC_MODEL_TUNING = G5;
				GCC_NO_COMMON_BLOCKS = YES;
				GCC_WARN_64_TO_32_BIT_CONVERSION = YES;
				GCC_WARN_ABOUT_RETURN_TYPE = YES;
				GCC_WARN_CHECK_SWITCH_STATEMENTS = YES;
				GCC_WARN_MISSING_PARENTHESES = YES;
				GCC_WARN_NON_VIRTUAL_DESTRUCTOR = YES;
				GCC_WARN_TYPECHECK_CALLS_TO_PRINTF = YES;
				GCC_WARN_UNDECLARED_SELECTOR = YES;
				GCC_WARN_UNINITIALIZED_AUTOS = YES;
				GCC_WARN_UNUSED_FUNCTION = YES;
				GCC_WARN_UNUSED_VARIABLE = YES;
				ONLY_ACTIVE_ARCH = YES;
				PRODUCT_NAME = "ChannelStripAnalyser";
				WARNING_CFLAGS = -Wreorder;
				ZERO_LINK = NO; }; name = Debug; };
		C38C5A7AD1F8FD62B68C9846 = {isa = XCBuildConfiguration; buildSettings = {
				ALWAYS_SEARCH_USER_PATHS = NO;
				CLANG_WARN_BLOCK_CAPTURE_AUTORELEASING = YES;
				CLANG_WARN_BOOL_CONVERSION = YES;
				CLANG_WARN_COMMA = YES;
				CLANG_WARN_CONSTANT_CONVERSION = YES;
				CLANG_WARN_EMPTY_BODY = YES;
				CLANG_WARN_ENUM_CONVERSION = YES;
				CLANG_WARN_INFINITE_RECURSION = YES;
				CLANG_WARN_INT_CONVERSION = YES;
				CLANG_WARN_NON_LITERAL_NULL_CONVERSION = YES;
				CLANG_WARN_OBJC_LITERAL_CONVERSION = YES;
				CLANG_WARN_RANGE_LOOP_ANALYSIS = YES;
				CLANG_WARN_STRICT_PROTOTYPES = YES;
				CLANG_WARN_SUSPICIOUS_MOVE = YES;
				CLANG_WARN_UNREACHABLE_CODE = YES;
				CLANG_WARN__DUPLICATE_METHOD_MATCH = YES;
				DEBUG_INFORMATION_FORMAT = "dwarf";
				ENABLE_STRICT_OBJC_MSGSEND = YES;
				GCC_C_LANGUAGE_STANDARD = c11;
				GCC_INLINES_ARE_PRIVATE_EXTERN = YES;
				GCC_MODEL_TUNING = G5;
				GCC_NO_COMMON_BLOCKS = YES;
				GCC_WARN_64_TO_32_BIT_CONVERSION = YES;
				GCC_WARN_ABOUT_RETURN_TYPE = YES;
				GCC_WARN_CHECK_SWITCH_STATEMENTS = YES;
				GCC_WARN_MISSING_PARENTHESES = YES;
				GCC_WARN_NON_VIRTUAL_DESTRUCTOR = YES;
				GCC_WARN_TYPECHECK_CALLS_TO_PRINTF = YES;
				GCC_WARN_UNDECLARED_SELECTOR = YES;
				GCC_WARN_UNINITIALIZED_AUTOS = YES;
				GCC_WARN_UNUSED_FUNCTION = YES;
				GCC_WARN_UNUSED_VARIABLE = YES;
				PRODUCT_NAME = "ChannelStripAnalyser";
				WARNING_CFLAGS = -Wreorder;
				ZERO_LINK = NO; }; name = Release; };
		4924C40E7185AE7BCF6F099E = {isa = PBXTargetDependency; target = FADC51AC935A5C0C0525E22C; };
		56F86A97B3FF370877E1A3CD = {isa = PBXTargetDependency; target = D656277659130B1CD71FAE87; };
		4F1E094995C2F404CFE8E0EC = {isa = PBXTargetDependency; target = 68CBF79992AA9DC07414EF2F; };
		B25E6D00B2D94025D9E96171 = {isa = XCConfigurationList; buildConfigurations = (
					61375EF8EDAD06F5095EB0FB,
					C38C5A7AD1F8FD62B68C9846, ); defaultConfigurationIsVisible = 0; defaultConfigurationName = Debug; };
		294B6BF50A8B61CDCD0226AD = {isa = XCConfigurationList; buildConfigurations = (
					CE88DAF6B5BBD6355C140838,
					BC34C53EAE4A3C3877E08145, ); defaultConfigurationIsVisible = 0; defaultConfigurationName = Debug; };
		8DAEE0A0C01F63E255F59E50 = {isa = PBXAggregateTarget; buildConfigurationList = 294B6BF50A8B61CDCD0226AD; buildPhases = (  ); buildRules = ( ); dependencies = (
					4924C40E7185AE7BCF6F099E,
					56F86A97B3FF370877E1A3CD,
					4F1E094995C2F404CFE8E0EC, ); name = "ChannelStripAnalyser - All"; productName = ChannelStripAnalyser; };
		65FE73A4BADF66A55A026A6F = {isa = XCConfigurationList; buildConfigurations = (
					B0F3A811A3C930988A293B45,
					2478F2E257B18F9A515397CB, ); defaultConfigurationIsVisible = 0; defaultConfigurationName = Debug; };
		5A0C3FF5BF48D25CB8E47E9A = {isa = PBXResourcesBuildPhase; buildActionMask = 2147483647; files = (
					43D4459ED9220EB55F2EC844, ); runOnlyForDeploymentPostprocessing = 0; };
		58BAC9325732FC477A067CD1 = {isa = PBXSourcesBuildPhase; buildActionMask = 2147483647; files = (
					770FBFD7BD3BE3993A5D1CD5, ); runOnlyForDeploymentPostprocessing = 0; };
		BF3D01595EDA867E628B6DC7 = {isa = PBXFrameworksBuildPhase; buildActionMask = 2147483647; files = (
					5BCCB00B28488F39B4B304B2,
					306FEC2B985DC44721A92D6E,
					B47BD3F03490A8F00890C208,
					3867C19368A5AACDFA524430,
					1CCD7491912FEEEE1951DCEB,
					C442DD5703066F37C4FC7A6E,
					2238428365923E80A20779AE,
					9F7FCD229D55A754F9265FE9,
					711DABE8EB563DA29BBA82AF,
					87E1317F879D895EA05C5903,
					53A3CC5E211ACE70BCC45072,
					F9F1B2DE329155053E1659B2,
					8C188A1E3A8761FD0D3D4E80,
					36BDB1C44CCC3AFEF1CB73BB,
					76E2E346C29483D48E7D6D72,
					5002BD73299F6E34D794B4E1, ); runOnlyForDeploymentPostprocessing = 0; };
		FADC51AC935A5C0C0525E22C = {isa = PBXNativeTarget; buildConfigurationList = 65FE73A4BADF66A55A026A6F; buildPhases = (
					5A0C3FF5BF48D25CB8E47E9A,
					58BAC9325732FC477A067CD1,
					BF3D01595EDA867E628B6DC7, ); buildRules = ( ); dependencies = (
					4F1E094995C2F404CFE8E0EC, ); name = "ChannelStripAnalyser - VST"; productName = ChannelStripAnalyser; productReference = 0F21531C461BEA703DDC928E; productType = "com.apple.product-type.bundle"; };
		AB80D730CDCB7B0239ED6D62 = {isa = XCConfigurationList; buildConfigurations = (
					3629C7E3654B86D34CFE13C9,
					E29F42A23E7B7B2C47396B0C, ); defaultConfigurationIsVisible = 0; defaultConfigurationName = Debug; };
		582B912C116E3D6B2CDAE101 = {isa = PBXResourcesBuildPhase; buildActionMask = 2147483647; files = (
					43D4459ED9220EB55F2EC844, ); runOnlyForDeploymentPostprocessing = 0; };
		7099720B037AEA2D9F949F8A = {isa = PBXRezBuildPhase; buildActionMask = 2147483647; files = (
					6F5E9097650F3FBE478B2800, ); runOnlyForDeploymentPostprocessing = 0; };
		1ED0C0E98A5D66A35A1F02E3 = {isa = PBXSourcesBuildPhase; buildActionMask = 2147483647; files = (
					BB53F6990CFBEB44D1585AC8,
					5A53030669227F9B71954C78, ); runOnlyForDeploymentPostprocessing = 0; };
		F2AD63562C6B03E5A02416D5 = {isa = PBXFrameworksBuildPhase; buildActionMask = 2147483647; files = (
					5BCCB00B28488F39B4B304B2,
					306FEC2B985DC44721A92D6E,
					B47BD3F03490A8F00890C208,
					3867C19368A5AACDFA524430,
					1CCD7491912FEEEE1951DCEB,
					C442DD5703066F37C4FC7A6E,
					2238428365923E80A20779AE,
					9F7FCD229D55A754F9265FE9,
					711DABE8EB563DA29BBA82AF,
					87E1317F879D895EA05C5903,
					53A3CC5E211ACE70BCC45072,
					F9F1B2DE329155053E1659B2,
					8C188A1E3A8761FD0D3D4E80,
					36BDB1C44CCC3AFEF1CB73BB,
					76E2E346C29483D48E7D6D72,
					5002BD73299F6E34D794B4E1, ); runOnlyForDeploymentPostprocessing = 0; };
		D656277659130B1CD71FAE87 = {isa = PBXNativeTarget; buildConfigurationList = AB80D730CDCB7B0239ED6D62; buildPhases = (
					582B912C116E3D6B2CDAE101,
					7099720B037AEA2D9F949F8A,
					1ED0C0E98A5D66A35A1F02E3,
					F2AD63562C6B03E5A02416D5, ); buildRules = ( ); dependencies = (
					4F1E094995C2F404CFE8E0EC, ); name = "ChannelStripAnalyser - AU"; productName = ChannelStripAnalyser; productReference = B08D03E3BB2700BEE5E632D8; productType = "com.apple.product-type.bundle"; };
		41C44CEE785CED2E89A81866 = {isa = XCConfigurationList; buildConfigurations = (
					0C8D8245C1033E1122D50A7F,
					7FEBC014913C21E092FA734D, ); defaultConfigurationIsVisible = 0; defaultConfigurationName = Debug; };
		EBEC9501D4189B07EC537B3F = {isa = PBXSourcesBuildPhase; buildActionMask = 2147483647; files = (
					B735DD938262E466E2086EDF,
					E60A89B3DB03EFA64580CF52,
					83AD09A97AABB1023F005296,
					148DE0210DABC846F8340E44,
					D0A9518FE858E58DA0AFF061,
					32B4F2073F619AFB49E2EC68,
					AEE903BBECB66B5449E24057,
					19761894D32C483A84FD993E,
					BC5D25CBD460B025AEB58006,
					7DAA1529500A59CC1753F703,
					02CA92D70DD37A787C08FE16,
					C1A9EC1D04B85A9AF2F0219B,
					C0259AC9C681AE89D24F312F,
					6CEDEB91DABC5CB9136EF12E,
					BC8F3749BCACCDBF12FFB17C,
					36885420C4EE66FC782B084E,
					514BD152DBAEFB950FA9A87B,
					806410A288E44042736DDF5F,
					4AEA9C4B0F41FD2E8B13E4D4,
					89A4508025B6ACAB9C3F71C3,
					E7FB575BC99D5326513D2DBC, ); runOnlyForDeploymentPostprocessing = 0; };
		68CBF79992AA9DC07414EF2F = {isa = PBXNativeTarget; buildConfigurationList = 41C44CEE785CED2E89A81866; buildPhases = (
					EBEC9501D4189B07EC537B3F, ); buildRules = ( ); dependencies = (  ); name = "ChannelStripAnalyser - Shared Code"; productName = ChannelStripAnalyser; productReference = 8295F166C6BB73271981BCF4; productType = "com.apple.product-type.library.static"; };
		30613D903F9A698C44A04779 = {isa = PBXProject; buildConfigurationList = B25E6D00B2D94025D9E96171; attributes = { LastUpgradeCheck = 0830; ORGANIZATIONNAME = ""; TargetAttributes = { 8DAEE0A0C01F63E255F59E50 = { SystemCapabilities = {com.apple.ApplicationGroups.iOS = { enabled = 0; }; com.apple.InAppPurchase = { enabled = 0; }; com.apple.InterAppAudio = { enabled = 0; }; com.apple.Push = { enabled = 0; }; com.apple.Sandbox = { enabled = 0; }; }; };FADC51AC935A5C0C0525E22C = { SystemCapabilities = {com.apple.ApplicationGroups.iOS = { enabled = 0; }; com.apple.InAppPurchase = { enabled = 0; }; com.apple.InterAppAudio = { enabled = 0; }; com.apple.Push = { enabled = 0; }; com.apple.Sandbox = { enabled = 0; }; }; };D656277659130B1CD71FAE87 = { SystemCapabilities = {com.apple.ApplicationGroups.iOS = { enabled = 0; }; com.apple.InAppPurchase = { enabled = 0; }; com.apple.InterAppAudio = { enabled = 0; }; com.apple.Push = { enabled = 0; }; com.apple.Sandbox = { enabled = 0; }; }; };68CBF79992AA9DC07414EF2F = { SystemCapabilities = {com.apple.ApplicationGroups.iOS = { enabled = 0; }; com.apple.InAppPurchase = { enabled = 0; }; com.apple.InterAppAudio = { enabled = 0; }; com.apple.Push = { enabled = 0; }; com.apple.Sandbox = { enabled = 0; }; }; }; }; }; compatibilityVersion = "Xcode 3.2"; hasScannedForEncodings = 0; mainGroup = BE9E40C523E2DBD64077F822; projectDirPath = ""; projectRoot = ""; targets = (8DAEE0A0C01F63E255F59E50, FADC51AC935A5C0C0525E22C, D656277659130B1CD71FAE87, 68CBF79992AA9DC07414EF2F); };
	};
	rootObject = 30613D903F9A698C44A04779;
}
